// !$*UTF8*$!
{
	archiveVersion = 1;
	classes = {
	};
	objectVersion = 55;
	objects = {

/* Begin PBXBuildFile section */
		272267ED294CD7BE0045AD92 /* PintrestLayout.swift in Sources */ = {isa = PBXBuildFile; fileRef = 272267EC294CD7BE0045AD92 /* PintrestLayout.swift */; };
		272267EF294CEE480045AD92 /* HomeInteractor.swift in Sources */ = {isa = PBXBuildFile; fileRef = 272267EE294CEE480045AD92 /* HomeInteractor.swift */; };
		272267F1294CEEE10045AD92 /* HomePresenter.swift in Sources */ = {isa = PBXBuildFile; fileRef = 272267F0294CEEE10045AD92 /* HomePresenter.swift */; };
		272267F3294CF2DE0045AD92 /* UIView.swift in Sources */ = {isa = PBXBuildFile; fileRef = 272267F2294CF2DE0045AD92 /* UIView.swift */; };
		272267F6294CFD590045AD92 /* Datasource.swift in Sources */ = {isa = PBXBuildFile; fileRef = 272267F5294CFD590045AD92 /* Datasource.swift */; };
		272267F8294CFE890045AD92 /* RemoteDatasource.swift in Sources */ = {isa = PBXBuildFile; fileRef = 272267F7294CFE890045AD92 /* RemoteDatasource.swift */; };
		272267FA294CFE910045AD92 /* LocalDatasource.swift in Sources */ = {isa = PBXBuildFile; fileRef = 272267F9294CFE910045AD92 /* LocalDatasource.swift */; };
		272267FC294D011A0045AD92 /* ProductModel.swift in Sources */ = {isa = PBXBuildFile; fileRef = 272267FB294D011A0045AD92 /* ProductModel.swift */; };
		272267FF294D04680045AD92 /* CustomError.swift in Sources */ = {isa = PBXBuildFile; fileRef = 272267FE294D04680045AD92 /* CustomError.swift */; };
		27226803294D0DFF0045AD92 /* UIImageView.swift in Sources */ = {isa = PBXBuildFile; fileRef = 27226802294D0DFF0045AD92 /* UIImageView.swift */; };
		27226807294D1E540045AD92 /* UIViewController.swift in Sources */ = {isa = PBXBuildFile; fileRef = 27226806294D1E540045AD92 /* UIViewController.swift */; };
		27226818294DFA810045AD92 /* CoreDataStack.swift in Sources */ = {isa = PBXBuildFile; fileRef = 27226817294DFA810045AD92 /* CoreDataStack.swift */; };
		273C10A4294E62F2005749CB /* DetailsVC.xib in Resources */ = {isa = PBXBuildFile; fileRef = 273C10A2294E62F1005749CB /* DetailsVC.xib */; };
		273C10A5294E62F2005749CB /* DetailsVC.swift in Sources */ = {isa = PBXBuildFile; fileRef = 273C10A3294E62F1005749CB /* DetailsVC.swift */; };
		273C10A9294E6668005749CB /* DetailsRouter.swift in Sources */ = {isa = PBXBuildFile; fileRef = 273C10A8294E6668005749CB /* DetailsRouter.swift */; };
		273C10AC294E67A9005749CB /* DetailsPresenter.swift in Sources */ = {isa = PBXBuildFile; fileRef = 273C10AB294E67A9005749CB /* DetailsPresenter.swift */; };
		273EA2C3294CADA60013CFDF /* AppDelegate.swift in Sources */ = {isa = PBXBuildFile; fileRef = 273EA2C2294CADA60013CFDF /* AppDelegate.swift */; };
		273EA2C5294CADA60013CFDF /* SceneDelegate.swift in Sources */ = {isa = PBXBuildFile; fileRef = 273EA2C4294CADA60013CFDF /* SceneDelegate.swift */; };
		273EA2CD294CADA60013CFDF /* Thirdwayv.xcdatamodeld in Sources */ = {isa = PBXBuildFile; fileRef = 273EA2CB294CADA60013CFDF /* Thirdwayv.xcdatamodeld */; };
		273EA2CF294CADA80013CFDF /* Assets.xcassets in Resources */ = {isa = PBXBuildFile; fileRef = 273EA2CE294CADA80013CFDF /* Assets.xcassets */; };
		273EA2E4294CAFA50013CFDF /* ConnectionRouter.swift in Sources */ = {isa = PBXBuildFile; fileRef = 273EA2DC294CAFA50013CFDF /* ConnectionRouter.swift */; };
		273EA2E5294CAFA50013CFDF /* ConnectionPresenter.swift in Sources */ = {isa = PBXBuildFile; fileRef = 273EA2DD294CAFA50013CFDF /* ConnectionPresenter.swift */; };
		273EA2E6294CAFA50013CFDF /* ConnectionsProtocols.swift in Sources */ = {isa = PBXBuildFile; fileRef = 273EA2DE294CAFA50013CFDF /* ConnectionsProtocols.swift */; };
		273EA2E7294CAFA50013CFDF /* Connection.swift in Sources */ = {isa = PBXBuildFile; fileRef = 273EA2E0294CAFA50013CFDF /* Connection.swift */; };
		273EA2E8294CAFA50013CFDF /* ConnectionVC.swift in Sources */ = {isa = PBXBuildFile; fileRef = 273EA2E2294CAFA50013CFDF /* ConnectionVC.swift */; };
		273EA2E9294CAFA50013CFDF /* ConnectionVC.xib in Resources */ = {isa = PBXBuildFile; fileRef = 273EA2E3294CAFA50013CFDF /* ConnectionVC.xib */; };
		273EA2F3294CB09A0013CFDF /* HomeVC.swift in Sources */ = {isa = PBXBuildFile; fileRef = 273EA2F1294CB09A0013CFDF /* HomeVC.swift */; };
		273EA2F4294CB09A0013CFDF /* HomeVC.xib in Resources */ = {isa = PBXBuildFile; fileRef = 273EA2F2294CB09A0013CFDF /* HomeVC.xib */; };
		273EA2F9294CB1630013CFDF /* ProductCell.swift in Sources */ = {isa = PBXBuildFile; fileRef = 273EA2F7294CB1630013CFDF /* ProductCell.swift */; };
		273EA2FA294CB1630013CFDF /* ProductCell.xib in Resources */ = {isa = PBXBuildFile; fileRef = 273EA2F8294CB1630013CFDF /* ProductCell.xib */; };
		273EA300294CB3BD0013CFDF /* ReusableView.swift in Sources */ = {isa = PBXBuildFile; fileRef = 273EA2FF294CB3BD0013CFDF /* ReusableView.swift */; };
		273EA302294CB47D0013CFDF /* NibLoadableView.swift in Sources */ = {isa = PBXBuildFile; fileRef = 273EA301294CB47D0013CFDF /* NibLoadableView.swift */; };
		273EA304294CB8440013CFDF /* HomeRouter.swift in Sources */ = {isa = PBXBuildFile; fileRef = 273EA303294CB8440013CFDF /* HomeRouter.swift */; };
		27F86E02294E0FD40032BC51 /* PopupMessage.swift in Sources */ = {isa = PBXBuildFile; fileRef = 27F86E00294E0FD40032BC51 /* PopupMessage.swift */; };
		27F86E03294E0FD40032BC51 /* PopupMessage.xib in Resources */ = {isa = PBXBuildFile; fileRef = 27F86E01294E0FD40032BC51 /* PopupMessage.xib */; };
/* End PBXBuildFile section */

/* Begin PBXFileReference section */
		272267EC294CD7BE0045AD92 /* PintrestLayout.swift */ = {isa = PBXFileReference; lastKnownFileType = sourcecode.swift; path = PintrestLayout.swift; sourceTree = "<group>"; };
		272267EE294CEE480045AD92 /* HomeInteractor.swift */ = {isa = PBXFileReference; lastKnownFileType = sourcecode.swift; path = HomeInteractor.swift; sourceTree = "<group>"; };
		272267F0294CEEE10045AD92 /* HomePresenter.swift */ = {isa = PBXFileReference; lastKnownFileType = sourcecode.swift; path = HomePresenter.swift; sourceTree = "<group>"; };
		272267F2294CF2DE0045AD92 /* UIView.swift */ = {isa = PBXFileReference; lastKnownFileType = sourcecode.swift; path = UIView.swift; sourceTree = "<group>"; };
		272267F5294CFD590045AD92 /* Datasource.swift */ = {isa = PBXFileReference; lastKnownFileType = sourcecode.swift; path = Datasource.swift; sourceTree = "<group>"; };
		272267F7294CFE890045AD92 /* RemoteDatasource.swift */ = {isa = PBXFileReference; lastKnownFileType = sourcecode.swift; path = RemoteDatasource.swift; sourceTree = "<group>"; };
		272267F9294CFE910045AD92 /* LocalDatasource.swift */ = {isa = PBXFileReference; lastKnownFileType = sourcecode.swift; path = LocalDatasource.swift; sourceTree = "<group>"; };
		272267FB294D011A0045AD92 /* ProductModel.swift */ = {isa = PBXFileReference; lastKnownFileType = sourcecode.swift; path = ProductModel.swift; sourceTree = "<group>"; };
		272267FE294D04680045AD92 /* CustomError.swift */ = {isa = PBXFileReference; lastKnownFileType = sourcecode.swift; path = CustomError.swift; sourceTree = "<group>"; };
		27226802294D0DFF0045AD92 /* UIImageView.swift */ = {isa = PBXFileReference; lastKnownFileType = sourcecode.swift; path = UIImageView.swift; sourceTree = "<group>"; };
		27226806294D1E540045AD92 /* UIViewController.swift */ = {isa = PBXFileReference; lastKnownFileType = sourcecode.swift; path = UIViewController.swift; sourceTree = "<group>"; };
		27226817294DFA810045AD92 /* CoreDataStack.swift */ = {isa = PBXFileReference; fileEncoding = 4; lastKnownFileType = sourcecode.swift; path = CoreDataStack.swift; sourceTree = "<group>"; };
		273C10A2294E62F1005749CB /* DetailsVC.xib */ = {isa = PBXFileReference; fileEncoding = 4; lastKnownFileType = file.xib; path = DetailsVC.xib; sourceTree = "<group>"; };
		273C10A3294E62F1005749CB /* DetailsVC.swift */ = {isa = PBXFileReference; fileEncoding = 4; lastKnownFileType = sourcecode.swift; path = DetailsVC.swift; sourceTree = "<group>"; };
		273C10A8294E6668005749CB /* DetailsRouter.swift */ = {isa = PBXFileReference; lastKnownFileType = sourcecode.swift; path = DetailsRouter.swift; sourceTree = "<group>"; };
		273C10AB294E67A9005749CB /* DetailsPresenter.swift */ = {isa = PBXFileReference; lastKnownFileType = sourcecode.swift; path = DetailsPresenter.swift; sourceTree = "<group>"; };
		273EA2BF294CADA60013CFDF /* Thirdwayv.app */ = {isa = PBXFileReference; explicitFileType = wrapper.application; includeInIndex = 0; path = Thirdwayv.app; sourceTree = BUILT_PRODUCTS_DIR; };
		273EA2C2294CADA60013CFDF /* AppDelegate.swift */ = {isa = PBXFileReference; lastKnownFileType = sourcecode.swift; path = AppDelegate.swift; sourceTree = "<group>"; };
		273EA2C4294CADA60013CFDF /* SceneDelegate.swift */ = {isa = PBXFileReference; lastKnownFileType = sourcecode.swift; path = SceneDelegate.swift; sourceTree = "<group>"; };
		273EA2CC294CADA60013CFDF /* Thirdwayv.xcdatamodel */ = {isa = PBXFileReference; lastKnownFileType = wrapper.xcdatamodel; path = Thirdwayv.xcdatamodel; sourceTree = "<group>"; };
		273EA2CE294CADA80013CFDF /* Assets.xcassets */ = {isa = PBXFileReference; lastKnownFileType = folder.assetcatalog; path = Assets.xcassets; sourceTree = "<group>"; };
		273EA2D3294CADA80013CFDF /* Info.plist */ = {isa = PBXFileReference; lastKnownFileType = text.plist.xml; path = Info.plist; sourceTree = "<group>"; };
		273EA2DC294CAFA50013CFDF /* ConnectionRouter.swift */ = {isa = PBXFileReference; fileEncoding = 4; lastKnownFileType = sourcecode.swift; path = ConnectionRouter.swift; sourceTree = "<group>"; };
		273EA2DD294CAFA50013CFDF /* ConnectionPresenter.swift */ = {isa = PBXFileReference; fileEncoding = 4; lastKnownFileType = sourcecode.swift; path = ConnectionPresenter.swift; sourceTree = "<group>"; };
		273EA2DE294CAFA50013CFDF /* ConnectionsProtocols.swift */ = {isa = PBXFileReference; fileEncoding = 4; lastKnownFileType = sourcecode.swift; path = ConnectionsProtocols.swift; sourceTree = "<group>"; };
		273EA2E0294CAFA50013CFDF /* Connection.swift */ = {isa = PBXFileReference; fileEncoding = 4; lastKnownFileType = sourcecode.swift; path = Connection.swift; sourceTree = "<group>"; };
		273EA2E2294CAFA50013CFDF /* ConnectionVC.swift */ = {isa = PBXFileReference; fileEncoding = 4; lastKnownFileType = sourcecode.swift; path = ConnectionVC.swift; sourceTree = "<group>"; };
		273EA2E3294CAFA50013CFDF /* ConnectionVC.xib */ = {isa = PBXFileReference; fileEncoding = 4; lastKnownFileType = file.xib; path = ConnectionVC.xib; sourceTree = "<group>"; };
		273EA2F1294CB09A0013CFDF /* HomeVC.swift */ = {isa = PBXFileReference; lastKnownFileType = sourcecode.swift; path = HomeVC.swift; sourceTree = "<group>"; };
		273EA2F2294CB09A0013CFDF /* HomeVC.xib */ = {isa = PBXFileReference; lastKnownFileType = file.xib; path = HomeVC.xib; sourceTree = "<group>"; };
		273EA2F7294CB1630013CFDF /* ProductCell.swift */ = {isa = PBXFileReference; lastKnownFileType = sourcecode.swift; path = ProductCell.swift; sourceTree = "<group>"; };
		273EA2F8294CB1630013CFDF /* ProductCell.xib */ = {isa = PBXFileReference; lastKnownFileType = file.xib; path = ProductCell.xib; sourceTree = "<group>"; };
		273EA2FF294CB3BD0013CFDF /* ReusableView.swift */ = {isa = PBXFileReference; lastKnownFileType = sourcecode.swift; path = ReusableView.swift; sourceTree = "<group>"; };
		273EA301294CB47D0013CFDF /* NibLoadableView.swift */ = {isa = PBXFileReference; lastKnownFileType = sourcecode.swift; path = NibLoadableView.swift; sourceTree = "<group>"; };
		273EA303294CB8440013CFDF /* HomeRouter.swift */ = {isa = PBXFileReference; lastKnownFileType = sourcecode.swift; path = HomeRouter.swift; sourceTree = "<group>"; };
		27F86E00294E0FD40032BC51 /* PopupMessage.swift */ = {isa = PBXFileReference; lastKnownFileType = sourcecode.swift; path = PopupMessage.swift; sourceTree = "<group>"; };
		27F86E01294E0FD40032BC51 /* PopupMessage.xib */ = {isa = PBXFileReference; lastKnownFileType = file.xib; path = PopupMessage.xib; sourceTree = "<group>"; };
/* End PBXFileReference section */

/* Begin PBXFrameworksBuildPhase section */
		273EA2BC294CADA60013CFDF /* Frameworks */ = {
			isa = PBXFrameworksBuildPhase;
			buildActionMask = 2147483647;
			files = (
			);
			runOnlyForDeploymentPostprocessing = 0;
		};
/* End PBXFrameworksBuildPhase section */

/* Begin PBXGroup section */
		272267F4294CFD470045AD92 /* Datasource */ = {
			isa = PBXGroup;
			children = (
				27226816294DFA3D0045AD92 /* Remote */,
				27226815294DFA390045AD92 /* Local */,
				272267F5294CFD590045AD92 /* Datasource.swift */,
			);
			path = Datasource;
			sourceTree = "<group>";
		};
		27226809294DD67E0045AD92 /* Reusable */ = {
			isa = PBXGroup;
			children = (
				272267EC294CD7BE0045AD92 /* PintrestLayout.swift */,
			);
			path = Reusable;
			sourceTree = "<group>";
		};
		27226815294DFA390045AD92 /* Local */ = {
			isa = PBXGroup;
			children = (
				27226817294DFA810045AD92 /* CoreDataStack.swift */,
				272267F9294CFE910045AD92 /* LocalDatasource.swift */,
			);
			path = Local;
			sourceTree = "<group>";
		};
		27226816294DFA3D0045AD92 /* Remote */ = {
			isa = PBXGroup;
			children = (
				272267F7294CFE890045AD92 /* RemoteDatasource.swift */,
			);
			path = Remote;
			sourceTree = "<group>";
		};
		27226819294E0DA50045AD92 /* PopupMessage */ = {
			isa = PBXGroup;
			children = (
				27F86E00294E0FD40032BC51 /* PopupMessage.swift */,
				27F86E01294E0FD40032BC51 /* PopupMessage.xib */,
			);
			path = PopupMessage;
			sourceTree = "<group>";
		};
		273C10A1294E62C1005749CB /* Details */ = {
			isa = PBXGroup;
			children = (
				273C10A6294E65C3005749CB /* View */,
				273C10AA294E679E005749CB /* Presenter */,
				273C10A7294E65CF005749CB /* Router */,
			);
			path = Details;
			sourceTree = "<group>";
		};
		273C10A6294E65C3005749CB /* View */ = {
			isa = PBXGroup;
			children = (
				273C10A3294E62F1005749CB /* DetailsVC.swift */,
				273C10A2294E62F1005749CB /* DetailsVC.xib */,
			);
			path = View;
			sourceTree = "<group>";
		};
		273C10A7294E65CF005749CB /* Router */ = {
			isa = PBXGroup;
			children = (
				273C10A8294E6668005749CB /* DetailsRouter.swift */,
			);
			path = Router;
			sourceTree = "<group>";
		};
		273C10AA294E679E005749CB /* Presenter */ = {
			isa = PBXGroup;
			children = (
				273C10AB294E67A9005749CB /* DetailsPresenter.swift */,
			);
			path = Presenter;
			sourceTree = "<group>";
		};
		273EA2B6294CADA60013CFDF = {
			isa = PBXGroup;
			children = (
				273EA2C1294CADA60013CFDF /* Thirdwayv */,
				273EA2C0294CADA60013CFDF /* Products */,
			);
			sourceTree = "<group>";
		};
		273EA2C0294CADA60013CFDF /* Products */ = {
			isa = PBXGroup;
			children = (
				273EA2BF294CADA60013CFDF /* Thirdwayv.app */,
			);
			name = Products;
			sourceTree = "<group>";
		};
		273EA2C1294CADA60013CFDF /* Thirdwayv */ = {
			isa = PBXGroup;
			children = (
				272267F4294CFD470045AD92 /* Datasource */,
				273EA2FB294CB2D00013CFDF /* Shared */,
				273EA2F0294CB0630013CFDF /* Application */,
				273EA2D9294CAF000013CFDF /* Scene */,
				273EA2CE294CADA80013CFDF /* Assets.xcassets */,
				273EA2D3294CADA80013CFDF /* Info.plist */,
				273EA2CB294CADA60013CFDF /* Thirdwayv.xcdatamodeld */,
			);
			path = Thirdwayv;
			sourceTree = "<group>";
		};
		273EA2D9294CAF000013CFDF /* Scene */ = {
			isa = PBXGroup;
			children = (
				27226819294E0DA50045AD92 /* PopupMessage */,
				273EA2DA294CAFA50013CFDF /* Connection Issus */,
				273EA2EA294CB0160013CFDF /* Home */,
				273C10A1294E62C1005749CB /* Details */,
			);
			path = Scene;
			sourceTree = "<group>";
		};
		273EA2DA294CAFA50013CFDF /* Connection Issus */ = {
			isa = PBXGroup;
			children = (
				273EA2DB294CAFA50013CFDF /* Module */,
				273EA2DF294CAFA50013CFDF /* Logic */,
				273EA2E1294CAFA50013CFDF /* View */,
			);
			path = "Connection Issus";
			sourceTree = "<group>";
		};
		273EA2DB294CAFA50013CFDF /* Module */ = {
			isa = PBXGroup;
			children = (
				273EA2DC294CAFA50013CFDF /* ConnectionRouter.swift */,
				273EA2DD294CAFA50013CFDF /* ConnectionPresenter.swift */,
				273EA2DE294CAFA50013CFDF /* ConnectionsProtocols.swift */,
			);
			path = Module;
			sourceTree = "<group>";
		};
		273EA2DF294CAFA50013CFDF /* Logic */ = {
			isa = PBXGroup;
			children = (
				273EA2E0294CAFA50013CFDF /* Connection.swift */,
			);
			path = Logic;
			sourceTree = "<group>";
		};
		273EA2E1294CAFA50013CFDF /* View */ = {
			isa = PBXGroup;
			children = (
				273EA2E2294CAFA50013CFDF /* ConnectionVC.swift */,
				273EA2E3294CAFA50013CFDF /* ConnectionVC.xib */,
			);
			path = View;
			sourceTree = "<group>";
		};
		273EA2EA294CB0160013CFDF /* Home */ = {
			isa = PBXGroup;
			children = (
				273EA2EF294CB04A0013CFDF /* View */,
				273EA2EE294CB0360013CFDF /* Interactor */,
				273EA2ED294CB0310013CFDF /* Presenter */,
				273EA2EC294CB02E0013CFDF /* Entity */,
				273EA2EB294CB0290013CFDF /* Router */,
			);
			path = Home;
			sourceTree = "<group>";
		};
		273EA2EB294CB0290013CFDF /* Router */ = {
			isa = PBXGroup;
			children = (
				273EA303294CB8440013CFDF /* HomeRouter.swift */,
			);
			path = Router;
			sourceTree = "<group>";
		};
		273EA2EC294CB02E0013CFDF /* Entity */ = {
			isa = PBXGroup;
			children = (
				272267FB294D011A0045AD92 /* ProductModel.swift */,
				272267FE294D04680045AD92 /* CustomError.swift */,
			);
			path = Entity;
			sourceTree = "<group>";
		};
		273EA2ED294CB0310013CFDF /* Presenter */ = {
			isa = PBXGroup;
			children = (
				272267F0294CEEE10045AD92 /* HomePresenter.swift */,
			);
			path = Presenter;
			sourceTree = "<group>";
		};
		273EA2EE294CB0360013CFDF /* Interactor */ = {
			isa = PBXGroup;
			children = (
				272267EE294CEE480045AD92 /* HomeInteractor.swift */,
			);
			path = Interactor;
			sourceTree = "<group>";
		};
		273EA2EF294CB04A0013CFDF /* View */ = {
			isa = PBXGroup;
			children = (
				273EA2F5294CB1450013CFDF /* VC */,
				273EA2F6294CB14B0013CFDF /* Cell */,
			);
			path = View;
			sourceTree = "<group>";
		};
		273EA2F0294CB0630013CFDF /* Application */ = {
			isa = PBXGroup;
			children = (
				273EA2C2294CADA60013CFDF /* AppDelegate.swift */,
				273EA2C4294CADA60013CFDF /* SceneDelegate.swift */,
			);
			path = Application;
			sourceTree = "<group>";
		};
		273EA2F5294CB1450013CFDF /* VC */ = {
			isa = PBXGroup;
			children = (
				273EA2F1294CB09A0013CFDF /* HomeVC.swift */,
				273EA2F2294CB09A0013CFDF /* HomeVC.xib */,
			);
			path = VC;
			sourceTree = "<group>";
		};
		273EA2F6294CB14B0013CFDF /* Cell */ = {
			isa = PBXGroup;
			children = (
				273EA2F7294CB1630013CFDF /* ProductCell.swift */,
				273EA2F8294CB1630013CFDF /* ProductCell.xib */,
			);
			path = Cell;
			sourceTree = "<group>";
		};
		273EA2FB294CB2D00013CFDF /* Shared */ = {
			isa = PBXGroup;
			children = (
				27226809294DD67E0045AD92 /* Reusable */,
				273EA2FE294CB38D0013CFDF /* Extensions */,
			);
			path = Shared;
			sourceTree = "<group>";
		};
		273EA2FE294CB38D0013CFDF /* Extensions */ = {
			isa = PBXGroup;
			children = (
				273EA2FF294CB3BD0013CFDF /* ReusableView.swift */,
				273EA301294CB47D0013CFDF /* NibLoadableView.swift */,
				272267F2294CF2DE0045AD92 /* UIView.swift */,
				27226802294D0DFF0045AD92 /* UIImageView.swift */,
				27226806294D1E540045AD92 /* UIViewController.swift */,
			);
			path = Extensions;
			sourceTree = "<group>";
		};
/* End PBXGroup section */

/* Begin PBXNativeTarget section */
		273EA2BE294CADA60013CFDF /* Thirdwayv */ = {
			isa = PBXNativeTarget;
			buildConfigurationList = 273EA2D6294CADA80013CFDF /* Build configuration list for PBXNativeTarget "Thirdwayv" */;
			buildPhases = (
				273EA2BB294CADA60013CFDF /* Sources */,
				273EA2BC294CADA60013CFDF /* Frameworks */,
				273EA2BD294CADA60013CFDF /* Resources */,
			);
			buildRules = (
			);
			dependencies = (
			);
			name = Thirdwayv;
			productName = Thirdwayv;
			productReference = 273EA2BF294CADA60013CFDF /* Thirdwayv.app */;
			productType = "com.apple.product-type.application";
		};
/* End PBXNativeTarget section */

/* Begin PBXProject section */
		273EA2B7294CADA60013CFDF /* Project object */ = {
			isa = PBXProject;
			attributes = {
				BuildIndependentTargetsInParallel = 1;
				LastSwiftUpdateCheck = 1340;
				LastUpgradeCheck = 1340;
				TargetAttributes = {
					273EA2BE294CADA60013CFDF = {
						CreatedOnToolsVersion = 13.4.1;
					};
				};
			};
			buildConfigurationList = 273EA2BA294CADA60013CFDF /* Build configuration list for PBXProject "Thirdwayv" */;
			compatibilityVersion = "Xcode 13.0";
			developmentRegion = en;
			hasScannedForEncodings = 0;
			knownRegions = (
				en,
				Base,
			);
			mainGroup = 273EA2B6294CADA60013CFDF;
			productRefGroup = 273EA2C0294CADA60013CFDF /* Products */;
			projectDirPath = "";
			projectRoot = "";
			targets = (
				273EA2BE294CADA60013CFDF /* Thirdwayv */,
			);
		};
/* End PBXProject section */

/* Begin PBXResourcesBuildPhase section */
		273EA2BD294CADA60013CFDF /* Resources */ = {
			isa = PBXResourcesBuildPhase;
			buildActionMask = 2147483647;
			files = (
				27F86E03294E0FD40032BC51 /* PopupMessage.xib in Resources */,
				273EA2E9294CAFA50013CFDF /* ConnectionVC.xib in Resources */,
				273EA2F4294CB09A0013CFDF /* HomeVC.xib in Resources */,
				273EA2FA294CB1630013CFDF /* ProductCell.xib in Resources */,
				273EA2CF294CADA80013CFDF /* Assets.xcassets in Resources */,
				273C10A4294E62F2005749CB /* DetailsVC.xib in Resources */,
			);
			runOnlyForDeploymentPostprocessing = 0;
		};
/* End PBXResourcesBuildPhase section */

/* Begin PBXSourcesBuildPhase section */
		273EA2BB294CADA60013CFDF /* Sources */ = {
			isa = PBXSourcesBuildPhase;
			buildActionMask = 2147483647;
			files = (
				273EA302294CB47D0013CFDF /* NibLoadableView.swift in Sources */,
				273EA2F9294CB1630013CFDF /* ProductCell.swift in Sources */,
				273EA2E5294CAFA50013CFDF /* ConnectionPresenter.swift in Sources */,
				272267EF294CEE480045AD92 /* HomeInteractor.swift in Sources */,
				27226807294D1E540045AD92 /* UIViewController.swift in Sources */,
				273EA2E6294CAFA50013CFDF /* ConnectionsProtocols.swift in Sources */,
				273EA2CD294CADA60013CFDF /* Thirdwayv.xcdatamodeld in Sources */,
				273EA300294CB3BD0013CFDF /* ReusableView.swift in Sources */,
				27F86E02294E0FD40032BC51 /* PopupMessage.swift in Sources */,
				273EA304294CB8440013CFDF /* HomeRouter.swift in Sources */,
				273EA2F3294CB09A0013CFDF /* HomeVC.swift in Sources */,
				273EA2E7294CAFA50013CFDF /* Connection.swift in Sources */,
				273EA2E8294CAFA50013CFDF /* ConnectionVC.swift in Sources */,
				273C10A9294E6668005749CB /* DetailsRouter.swift in Sources */,
				273EA2E4294CAFA50013CFDF /* ConnectionRouter.swift in Sources */,
				272267F8294CFE890045AD92 /* RemoteDatasource.swift in Sources */,
				272267F6294CFD590045AD92 /* Datasource.swift in Sources */,
				273EA2C3294CADA60013CFDF /* AppDelegate.swift in Sources */,
				272267F3294CF2DE0045AD92 /* UIView.swift in Sources */,
				272267ED294CD7BE0045AD92 /* PintrestLayout.swift in Sources */,
				273EA2C5294CADA60013CFDF /* SceneDelegate.swift in Sources */,
				273C10AC294E67A9005749CB /* DetailsPresenter.swift in Sources */,
				272267FA294CFE910045AD92 /* LocalDatasource.swift in Sources */,
				27226818294DFA810045AD92 /* CoreDataStack.swift in Sources */,
				273C10A5294E62F2005749CB /* DetailsVC.swift in Sources */,
				27226803294D0DFF0045AD92 /* UIImageView.swift in Sources */,
				272267FC294D011A0045AD92 /* ProductModel.swift in Sources */,
				272267FF294D04680045AD92 /* CustomError.swift in Sources */,
				272267F1294CEEE10045AD92 /* HomePresenter.swift in Sources */,
			);
			runOnlyForDeploymentPostprocessing = 0;
		};
/* End PBXSourcesBuildPhase section */

/* Begin XCBuildConfiguration section */
		273EA2D4294CADA80013CFDF /* Debug */ = {
			isa = XCBuildConfiguration;
			buildSettings = {
				ALWAYS_SEARCH_USER_PATHS = NO;
				CLANG_ANALYZER_NONNULL = YES;
				CLANG_ANALYZER_NUMBER_OBJECT_CONVERSION = YES_AGGRESSIVE;
				CLANG_CXX_LANGUAGE_STANDARD = "gnu++17";
				CLANG_ENABLE_MODULES = YES;
				CLANG_ENABLE_OBJC_ARC = YES;
				CLANG_ENABLE_OBJC_WEAK = YES;
				CLANG_WARN_BLOCK_CAPTURE_AUTORELEASING = YES;
				CLANG_WARN_BOOL_CONVERSION = YES;
				CLANG_WARN_COMMA = YES;
				CLANG_WARN_CONSTANT_CONVERSION = YES;
				CLANG_WARN_DEPRECATED_OBJC_IMPLEMENTATIONS = YES;
				CLANG_WARN_DIRECT_OBJC_ISA_USAGE = YES_ERROR;
				CLANG_WARN_DOCUMENTATION_COMMENTS = YES;
				CLANG_WARN_EMPTY_BODY = YES;
				CLANG_WARN_ENUM_CONVERSION = YES;
				CLANG_WARN_INFINITE_RECURSION = YES;
				CLANG_WARN_INT_CONVERSION = YES;
				CLANG_WARN_NON_LITERAL_NULL_CONVERSION = YES;
				CLANG_WARN_OBJC_IMPLICIT_RETAIN_SELF = YES;
				CLANG_WARN_OBJC_LITERAL_CONVERSION = YES;
				CLANG_WARN_OBJC_ROOT_CLASS = YES_ERROR;
				CLANG_WARN_QUOTED_INCLUDE_IN_FRAMEWORK_HEADER = YES;
				CLANG_WARN_RANGE_LOOP_ANALYSIS = YES;
				CLANG_WARN_STRICT_PROTOTYPES = YES;
				CLANG_WARN_SUSPICIOUS_MOVE = YES;
				CLANG_WARN_UNGUARDED_AVAILABILITY = YES_AGGRESSIVE;
				CLANG_WARN_UNREACHABLE_CODE = YES;
				CLANG_WARN__DUPLICATE_METHOD_MATCH = YES;
				COPY_PHASE_STRIP = NO;
				DEBUG_INFORMATION_FORMAT = dwarf;
				ENABLE_STRICT_OBJC_MSGSEND = YES;
				ENABLE_TESTABILITY = YES;
				GCC_C_LANGUAGE_STANDARD = gnu11;
				GCC_DYNAMIC_NO_PIC = NO;
				GCC_NO_COMMON_BLOCKS = YES;
				GCC_OPTIMIZATION_LEVEL = 0;
				GCC_PREPROCESSOR_DEFINITIONS = (
					"DEBUG=1",
					"$(inherited)",
				);
				GCC_WARN_64_TO_32_BIT_CONVERSION = YES;
				GCC_WARN_ABOUT_RETURN_TYPE = YES_ERROR;
				GCC_WARN_UNDECLARED_SELECTOR = YES;
				GCC_WARN_UNINITIALIZED_AUTOS = YES_AGGRESSIVE;
				GCC_WARN_UNUSED_FUNCTION = YES;
				GCC_WARN_UNUSED_VARIABLE = YES;
				IPHONEOS_DEPLOYMENT_TARGET = 15.5;
				MTL_ENABLE_DEBUG_INFO = INCLUDE_SOURCE;
				MTL_FAST_MATH = YES;
				ONLY_ACTIVE_ARCH = YES;
				SDKROOT = iphoneos;
				SWIFT_ACTIVE_COMPILATION_CONDITIONS = DEBUG;
				SWIFT_OPTIMIZATION_LEVEL = "-Onone";
			};
			name = Debug;
		};
		273EA2D5294CADA80013CFDF /* Release */ = {
			isa = XCBuildConfiguration;
			buildSettings = {
				ALWAYS_SEARCH_USER_PATHS = NO;
				CLANG_ANALYZER_NONNULL = YES;
				CLANG_ANALYZER_NUMBER_OBJECT_CONVERSION = YES_AGGRESSIVE;
				CLANG_CXX_LANGUAGE_STANDARD = "gnu++17";
				CLANG_ENABLE_MODULES = YES;
				CLANG_ENABLE_OBJC_ARC = YES;
				CLANG_ENABLE_OBJC_WEAK = YES;
				CLANG_WARN_BLOCK_CAPTURE_AUTORELEASING = YES;
				CLANG_WARN_BOOL_CONVERSION = YES;
				CLANG_WARN_COMMA = YES;
				CLANG_WARN_CONSTANT_CONVERSION = YES;
				CLANG_WARN_DEPRECATED_OBJC_IMPLEMENTATIONS = YES;
				CLANG_WARN_DIRECT_OBJC_ISA_USAGE = YES_ERROR;
				CLANG_WARN_DOCUMENTATION_COMMENTS = YES;
				CLANG_WARN_EMPTY_BODY = YES;
				CLANG_WARN_ENUM_CONVERSION = YES;
				CLANG_WARN_INFINITE_RECURSION = YES;
				CLANG_WARN_INT_CONVERSION = YES;
				CLANG_WARN_NON_LITERAL_NULL_CONVERSION = YES;
				CLANG_WARN_OBJC_IMPLICIT_RETAIN_SELF = YES;
				CLANG_WARN_OBJC_LITERAL_CONVERSION = YES;
				CLANG_WARN_OBJC_ROOT_CLASS = YES_ERROR;
				CLANG_WARN_QUOTED_INCLUDE_IN_FRAMEWORK_HEADER = YES;
				CLANG_WARN_RANGE_LOOP_ANALYSIS = YES;
				CLANG_WARN_STRICT_PROTOTYPES = YES;
				CLANG_WARN_SUSPICIOUS_MOVE = YES;
				CLANG_WARN_UNGUARDED_AVAILABILITY = YES_AGGRESSIVE;
				CLANG_WARN_UNREACHABLE_CODE = YES;
				CLANG_WARN__DUPLICATE_METHOD_MATCH = YES;
				COPY_PHASE_STRIP = NO;
				DEBUG_INFORMATION_FORMAT = "dwarf-with-dsym";
				ENABLE_NS_ASSERTIONS = NO;
				ENABLE_STRICT_OBJC_MSGSEND = YES;
				GCC_C_LANGUAGE_STANDARD = gnu11;
				GCC_NO_COMMON_BLOCKS = YES;
				GCC_WARN_64_TO_32_BIT_CONVERSION = YES;
				GCC_WARN_ABOUT_RETURN_TYPE = YES_ERROR;
				GCC_WARN_UNDECLARED_SELECTOR = YES;
				GCC_WARN_UNINITIALIZED_AUTOS = YES_AGGRESSIVE;
				GCC_WARN_UNUSED_FUNCTION = YES;
				GCC_WARN_UNUSED_VARIABLE = YES;
				IPHONEOS_DEPLOYMENT_TARGET = 15.5;
				MTL_ENABLE_DEBUG_INFO = NO;
				MTL_FAST_MATH = YES;
				SDKROOT = iphoneos;
				SWIFT_COMPILATION_MODE = wholemodule;
				SWIFT_OPTIMIZATION_LEVEL = "-O";
				VALIDATE_PRODUCT = YES;
			};
			name = Release;
		};
		273EA2D7294CADA80013CFDF /* Debug */ = {
			isa = XCBuildConfiguration;
			buildSettings = {
				ASSETCATALOG_COMPILER_APPICON_NAME = AppIcon;
				ASSETCATALOG_COMPILER_GLOBAL_ACCENT_COLOR_NAME = AccentColor;
				CODE_SIGN_STYLE = Automatic;
				CURRENT_PROJECT_VERSION = 1;
				DEVELOPMENT_TEAM = 2V5XRSDP4C;
				GENERATE_INFOPLIST_FILE = YES;
				INFOPLIST_FILE = Thirdwayv/Info.plist;
				INFOPLIST_KEY_UIApplicationSupportsIndirectInputEvents = YES;
				INFOPLIST_KEY_UILaunchStoryboardName = LaunchScreen;
				INFOPLIST_KEY_UISupportedInterfaceOrientations = "";
				INFOPLIST_KEY_UISupportedInterfaceOrientations_iPad = "UIInterfaceOrientationPortrait UIInterfaceOrientationPortraitUpsideDown UIInterfaceOrientationLandscapeLeft UIInterfaceOrientationLandscapeRight";
				INFOPLIST_KEY_UISupportedInterfaceOrientations_iPhone = "UIInterfaceOrientationPortrait UIInterfaceOrientationLandscapeLeft UIInterfaceOrientationLandscapeRight";
				LD_RUNPATH_SEARCH_PATHS = (
					"$(inherited)",
					"@executable_path/Frameworks",
				);
				MARKETING_VERSION = 1.0;
				PRODUCT_BUNDLE_IDENTIFIER = com.amin.Thirdwayv;
				PRODUCT_NAME = "$(TARGET_NAME)";
				SWIFT_EMIT_LOC_STRINGS = YES;
				SWIFT_VERSION = 5.0;
				TARGETED_DEVICE_FAMILY = "1,2";
			};
			name = Debug;
		};
		273EA2D8294CADA80013CFDF /* Release */ = {
			isa = XCBuildConfiguration;
			buildSettings = {
				ASSETCATALOG_COMPILER_APPICON_NAME = AppIcon;
				ASSETCATALOG_COMPILER_GLOBAL_ACCENT_COLOR_NAME = AccentColor;
				CODE_SIGN_STYLE = Automatic;
				CURRENT_PROJECT_VERSION = 1;
				DEVELOPMENT_TEAM = 2V5XRSDP4C;
				GENERATE_INFOPLIST_FILE = YES;
				INFOPLIST_FILE = Thirdwayv/Info.plist;
				INFOPLIST_KEY_UIApplicationSupportsIndirectInputEvents = YES;
				INFOPLIST_KEY_UILaunchStoryboardName = LaunchScreen;
				INFOPLIST_KEY_UISupportedInterfaceOrientations = "";
				INFOPLIST_KEY_UISupportedInterfaceOrientations_iPad = "UIInterfaceOrientationPortrait UIInterfaceOrientationPortraitUpsideDown UIInterfaceOrientationLandscapeLeft UIInterfaceOrientationLandscapeRight";
				INFOPLIST_KEY_UISupportedInterfaceOrientations_iPhone = "UIInterfaceOrientationPortrait UIInterfaceOrientationLandscapeLeft UIInterfaceOrientationLandscapeRight";
				LD_RUNPATH_SEARCH_PATHS = (
					"$(inherited)",
					"@executable_path/Frameworks",
				);
				MARKETING_VERSION = 1.0;
				PRODUCT_BUNDLE_IDENTIFIER = com.amin.Thirdwayv;
				PRODUCT_NAME = "$(TARGET_NAME)";
				SWIFT_EMIT_LOC_STRINGS = YES;
				SWIFT_VERSION = 5.0;
				TARGETED_DEVICE_FAMILY = "1,2";
			};
			name = Release;
		};
/* End XCBuildConfiguration section */

/* Begin XCConfigurationList section */
		273EA2BA294CADA60013CFDF /* Build configuration list for PBXProject "Thirdwayv" */ = {
			isa = XCConfigurationList;
			buildConfigurations = (
				273EA2D4294CADA80013CFDF /* Debug */,
				273EA2D5294CADA80013CFDF /* Release */,
			);
			defaultConfigurationIsVisible = 0;
			defaultConfigurationName = Release;
		};
		273EA2D6294CADA80013CFDF /* Build configuration list for PBXNativeTarget "Thirdwayv" */ = {
			isa = XCConfigurationList;
			buildConfigurations = (
				273EA2D7294CADA80013CFDF /* Debug */,
				273EA2D8294CADA80013CFDF /* Release */,
			);
			defaultConfigurationIsVisible = 0;
			defaultConfigurationName = Release;
		};
/* End XCConfigurationList section */

/* Begin XCVersionGroup section */
		273EA2CB294CADA60013CFDF /* Thirdwayv.xcdatamodeld */ = {
			isa = XCVersionGroup;
			children = (
				273EA2CC294CADA60013CFDF /* Thirdwayv.xcdatamodel */,
			);
			currentVersion = 273EA2CC294CADA60013CFDF /* Thirdwayv.xcdatamodel */;
			path = Thirdwayv.xcdatamodeld;
			sourceTree = "<group>";
			versionGroupType = wrapper.xcdatamodel;
		};
/* End XCVersionGroup section */
	};
	rootObject = 273EA2B7294CADA60013CFDF /* Project object */;
}
