// !$*UTF8*$!
{
	archiveVersion = 1;
	classes = {
	};
	objectVersion = 55;
	objects = {

/* Begin PBXBuildFile section */
		273EA2C3294CADA60013CFDF /* AppDelegate.swift in Sources */ = {isa = PBXBuildFile; fileRef = 273EA2C2294CADA60013CFDF /* AppDelegate.swift */; };
		273EA2C5294CADA60013CFDF /* SceneDelegate.swift in Sources */ = {isa = PBXBuildFile; fileRef = 273EA2C4294CADA60013CFDF /* SceneDelegate.swift */; };
		273EA2C7294CADA60013CFDF /* ViewController.swift in Sources */ = {isa = PBXBuildFile; fileRef = 273EA2C6294CADA60013CFDF /* ViewController.swift */; };
		273EA2CA294CADA60013CFDF /* Main.storyboard in Resources */ = {isa = PBXBuildFile; fileRef = 273EA2C8294CADA60013CFDF /* Main.storyboard */; };
		273EA2CD294CADA60013CFDF /* Thirdwayv.xcdatamodeld in Sources */ = {isa = PBXBuildFile; fileRef = 273EA2CB294CADA60013CFDF /* Thirdwayv.xcdatamodeld */; };
		273EA2CF294CADA80013CFDF /* Assets.xcassets in Resources */ = {isa = PBXBuildFile; fileRef = 273EA2CE294CADA80013CFDF /* Assets.xcassets */; };
		273EA2D2294CADA80013CFDF /* LaunchScreen.storyboard in Resources */ = {isa = PBXBuildFile; fileRef = 273EA2D0294CADA80013CFDF /* LaunchScreen.storyboard */; };
/* End PBXBuildFile section */

/* Begin PBXFileReference section */
		273EA2BF294CADA60013CFDF /* Thirdwayv.app */ = {isa = PBXFileReference; explicitFileType = wrapper.application; includeInIndex = 0; path = Thirdwayv.app; sourceTree = BUILT_PRODUCTS_DIR; };
		273EA2C2294CADA60013CFDF /* AppDelegate.swift */ = {isa = PBXFileReference; lastKnownFileType = sourcecode.swift; path = AppDelegate.swift; sourceTree = "<group>"; };
		273EA2C4294CADA60013CFDF /* SceneDelegate.swift */ = {isa = PBXFileReference; lastKnownFileType = sourcecode.swift; path = SceneDelegate.swift; sourceTree = "<group>"; };
		273EA2C6294CADA60013CFDF /* ViewController.swift */ = {isa = PBXFileReference; lastKnownFileType = sourcecode.swift; path = ViewController.swift; sourceTree = "<group>"; };
		273EA2C9294CADA60013CFDF /* Base */ = {isa = PBXFileReference; lastKnownFileType = file.storyboard; name = Base; path = Base.lproj/Main.storyboard; sourceTree = "<group>"; };
		273EA2CC294CADA60013CFDF /* Thirdwayv.xcdatamodel */ = {isa = PBXFileReference; lastKnownFileType = wrapper.xcdatamodel; path = Thirdwayv.xcdatamodel; sourceTree = "<group>"; };
		273EA2CE294CADA80013CFDF /* Assets.xcassets */ = {isa = PBXFileReference; lastKnownFileType = folder.assetcatalog; path = Assets.xcassets; sourceTree = "<group>"; };
		273EA2D1294CADA80013CFDF /* Base */ = {isa = PBXFileReference; lastKnownFileType = file.storyboard; name = Base; path = Base.lproj/LaunchScreen.storyboard; sourceTree = "<group>"; };
		273EA2D3294CADA80013CFDF /* Info.plist */ = {isa = PBXFileReference; lastKnownFileType = text.plist.xml; path = Info.plist; sourceTree = "<group>"; };
/* End PBXFileReference section */

/* Begin PBXFrameworksBuildPhase section */
		273EA2BC294CADA60013CFDF /* Frameworks */ = {
			isa = PBXFrameworksBuildPhase;
			buildActionMask = 2147483647;
			files = (
			);
			runOnlyForDeploymentPostprocessing = 0;
		};
/* End PBXFrameworksBuildPhase section */

/* Begin PBXGroup section */
		273EA2B6294CADA60013CFDF = {
			isa = PBXGroup;
			children = (
				273EA2C1294CADA60013CFDF /* Thirdwayv */,
				273EA2C0294CADA60013CFDF /* Products */,
			);
			sourceTree = "<group>";
		};
		273EA2C0294CADA60013CFDF /* Products */ = {
			isa = PBXGroup;
			children = (
				273EA2BF294CADA60013CFDF /* Thirdwayv.app */,
			);
			name = Products;
			sourceTree = "<group>";
		};
		273EA2C1294CADA60013CFDF /* Thirdwayv */ = {
			isa = PBXGroup;
			children = (
				273EA2C2294CADA60013CFDF /* AppDelegate.swift */,
				273EA2C4294CADA60013CFDF /* SceneDelegate.swift */,
				273EA2C6294CADA60013CFDF /* ViewController.swift */,
				273EA2C8294CADA60013CFDF /* Main.storyboard */,
				273EA2CE294CADA80013CFDF /* Assets.xcassets */,
				273EA2D0294CADA80013CFDF /* LaunchScreen.storyboard */,
				273EA2D3294CADA80013CFDF /* Info.plist */,
				273EA2CB294CADA60013CFDF /* Thirdwayv.xcdatamodeld */,
			);
			path = Thirdwayv;
			sourceTree = "<group>";
		};
/* End PBXGroup section */

/* Begin PBXNativeTarget section */
		273EA2BE294CADA60013CFDF /* Thirdwayv */ = {
			isa = PBXNativeTarget;
			buildConfigurationList = 273EA2D6294CADA80013CFDF /* Build configuration list for PBXNativeTarget "Thirdwayv" */;
			buildPhases = (
				273EA2BB294CADA60013CFDF /* Sources */,
				273EA2BC294CADA60013CFDF /* Frameworks */,
				273EA2BD294CADA60013CFDF /* Resources */,
			);
			buildRules = (
			);
			dependencies = (
			);
			name = Thirdwayv;
			productName = Thirdwayv;
			productReference = 273EA2BF294CADA60013CFDF /* Thirdwayv.app */;
			productType = "com.apple.product-type.application";
		};
/* End PBXNativeTarget section */

/* Begin PBXProject section */
		273EA2B7294CADA60013CFDF /* Project object */ = {
			isa = PBXProject;
			attributes = {
				BuildIndependentTargetsInParallel = 1;
				LastSwiftUpdateCheck = 1340;
				LastUpgradeCheck = 1340;
				TargetAttributes = {
					273EA2BE294CADA60013CFDF = {
						CreatedOnToolsVersion = 13.4.1;
					};
				};
			};
			buildConfigurationList = 273EA2BA294CADA60013CFDF /* Build configuration list for PBXProject "Thirdwayv" */;
			compatibilityVersion = "Xcode 13.0";
			developmentRegion = en;
			hasScannedForEncodings = 0;
			knownRegions = (
				en,
				Base,
			);
			mainGroup = 273EA2B6294CADA60013CFDF;
			productRefGroup = 273EA2C0294CADA60013CFDF /* Products */;
			projectDirPath = "";
			projectRoot = "";
			targets = (
				273EA2BE294CADA60013CFDF /* Thirdwayv */,
			);
		};
/* End PBXProject section */

/* Begin PBXResourcesBuildPhase section */
		273EA2BD294CADA60013CFDF /* Resources */ = {
			isa = PBXResourcesBuildPhase;
			buildActionMask = 2147483647;
			files = (
				273EA2D2294CADA80013CFDF /* LaunchScreen.storyboard in Resources */,
				273EA2CF294CADA80013CFDF /* Assets.xcassets in Resources */,
				273EA2CA294CADA60013CFDF /* Main.storyboard in Resources */,
			);
			runOnlyForDeploymentPostprocessing = 0;
		};
/* End PBXResourcesBuildPhase section */

/* Begin PBXSourcesBuildPhase section */
		273EA2BB294CADA60013CFDF /* Sources */ = {
			isa = PBXSourcesBuildPhase;
			buildActionMask = 2147483647;
			files = (
				273EA2CD294CADA60013CFDF /* Thirdwayv.xcdatamodeld in Sources */,
				273EA2C7294CADA60013CFDF /* ViewController.swift in Sources */,
				273EA2C3294CADA60013CFDF /* AppDelegate.swift in Sources */,
				273EA2C5294CADA60013CFDF /* SceneDelegate.swift in Sources */,
			);
			runOnlyForDeploymentPostprocessing = 0;
		};
/* End PBXSourcesBuildPhase section */

/* Begin PBXVariantGroup section */
		273EA2C8294CADA60013CFDF /* Main.storyboard */ = {
			isa = PBXVariantGroup;
			children = (
				273EA2C9294CADA60013CFDF /* Base */,
			);
			name = Main.storyboard;
			sourceTree = "<group>";
		};
		273EA2D0294CADA80013CFDF /* LaunchScreen.storyboard */ = {
			isa = PBXVariantGroup;
			children = (
				273EA2D1294CADA80013CFDF /* Base */,
			);
			name = LaunchScreen.storyboard;
			sourceTree = "<group>";
		};
/* End PBXVariantGroup section */

/* Begin XCBuildConfiguration section */
		273EA2D4294CADA80013CFDF /* Debug */ = {
			isa = XCBuildConfiguration;
			buildSettings = {
				ALWAYS_SEARCH_USER_PATHS = NO;
				CLANG_ANALYZER_NONNULL = YES;
				CLANG_ANALYZER_NUMBER_OBJECT_CONVERSION = YES_AGGRESSIVE;
				CLANG_CXX_LANGUAGE_STANDARD = "gnu++17";
				CLANG_ENABLE_MODULES = YES;
				CLANG_ENABLE_OBJC_ARC = YES;
				CLANG_ENABLE_OBJC_WEAK = YES;
				CLANG_WARN_BLOCK_CAPTURE_AUTORELEASING = YES;
				CLANG_WARN_BOOL_CONVERSION = YES;
				CLANG_WARN_COMMA = YES;
				CLANG_WARN_CONSTANT_CONVERSION = YES;
				CLANG_WARN_DEPRECATED_OBJC_IMPLEMENTATIONS = YES;
				CLANG_WARN_DIRECT_OBJC_ISA_USAGE = YES_ERROR;
				CLANG_WARN_DOCUMENTATION_COMMENTS = YES;
				CLANG_WARN_EMPTY_BODY = YES;
				CLANG_WARN_ENUM_CONVERSION = YES;
				CLANG_WARN_INFINITE_RECURSION = YES;
				CLANG_WARN_INT_CONVERSION = YES;
				CLANG_WARN_NON_LITERAL_NULL_CONVERSION = YES;
				CLANG_WARN_OBJC_IMPLICIT_RETAIN_SELF = YES;
				CLANG_WARN_OBJC_LITERAL_CONVERSION = YES;
				CLANG_WARN_OBJC_ROOT_CLASS = YES_ERROR;
				CLANG_WARN_QUOTED_INCLUDE_IN_FRAMEWORK_HEADER = YES;
				CLANG_WARN_RANGE_LOOP_ANALYSIS = YES;
				CLANG_WARN_STRICT_PROTOTYPES = YES;
				CLANG_WARN_SUSPICIOUS_MOVE = YES;
				CLANG_WARN_UNGUARDED_AVAILABILITY = YES_AGGRESSIVE;
				CLANG_WARN_UNREACHABLE_CODE = YES;
				CLANG_WARN__DUPLICATE_METHOD_MATCH = YES;
				COPY_PHASE_STRIP = NO;
				DEBUG_INFORMATION_FORMAT = dwarf;
				ENABLE_STRICT_OBJC_MSGSEND = YES;
				ENABLE_TESTABILITY = YES;
				GCC_C_LANGUAGE_STANDARD = gnu11;
				GCC_DYNAMIC_NO_PIC = NO;
				GCC_NO_COMMON_BLOCKS = YES;
				GCC_OPTIMIZATION_LEVEL = 0;
				GCC_PREPROCESSOR_DEFINITIONS = (
					"DEBUG=1",
					"$(inherited)",
				);
				GCC_WARN_64_TO_32_BIT_CONVERSION = YES;
				GCC_WARN_ABOUT_RETURN_TYPE = YES_ERROR;
				GCC_WARN_UNDECLARED_SELECTOR = YES;
				GCC_WARN_UNINITIALIZED_AUTOS = YES_AGGRESSIVE;
				GCC_WARN_UNUSED_FUNCTION = YES;
				GCC_WARN_UNUSED_VARIABLE = YES;
				IPHONEOS_DEPLOYMENT_TARGET = 15.5;
				MTL_ENABLE_DEBUG_INFO = INCLUDE_SOURCE;
				MTL_FAST_MATH = YES;
				ONLY_ACTIVE_ARCH = YES;
				SDKROOT = iphoneos;
				SWIFT_ACTIVE_COMPILATION_CONDITIONS = DEBUG;
				SWIFT_OPTIMIZATION_LEVEL = "-Onone";
			};
			name = Debug;
		};
		273EA2D5294CADA80013CFDF /* Release */ = {
			isa = XCBuildConfiguration;
			buildSettings = {
				ALWAYS_SEARCH_USER_PATHS = NO;
				CLANG_ANALYZER_NONNULL = YES;
				CLANG_ANALYZER_NUMBER_OBJECT_CONVERSION = YES_AGGRESSIVE;
				CLANG_CXX_LANGUAGE_STANDARD = "gnu++17";
				CLANG_ENABLE_MODULES = YES;
				CLANG_ENABLE_OBJC_ARC = YES;
				CLANG_ENABLE_OBJC_WEAK = YES;
				CLANG_WARN_BLOCK_CAPTURE_AUTORELEASING = YES;
				CLANG_WARN_BOOL_CONVERSION = YES;
				CLANG_WARN_COMMA = YES;
				CLANG_WARN_CONSTANT_CONVERSION = YES;
				CLANG_WARN_DEPRECATED_OBJC_IMPLEMENTATIONS = YES;
				CLANG_WARN_DIRECT_OBJC_ISA_USAGE = YES_ERROR;
				CLANG_WARN_DOCUMENTATION_COMMENTS = YES;
				CLANG_WARN_EMPTY_BODY = YES;
				CLANG_WARN_ENUM_CONVERSION = YES;
				CLANG_WARN_INFINITE_RECURSION = YES;
				CLANG_WARN_INT_CONVERSION = YES;
				CLANG_WARN_NON_LITERAL_NULL_CONVERSION = YES;
				CLANG_WARN_OBJC_IMPLICIT_RETAIN_SELF = YES;
				CLANG_WARN_OBJC_LITERAL_CONVERSION = YES;
				CLANG_WARN_OBJC_ROOT_CLASS = YES_ERROR;
				CLANG_WARN_QUOTED_INCLUDE_IN_FRAMEWORK_HEADER = YES;
				CLANG_WARN_RANGE_LOOP_ANALYSIS = YES;
				CLANG_WARN_STRICT_PROTOTYPES = YES;
				CLANG_WARN_SUSPICIOUS_MOVE = YES;
				CLANG_WARN_UNGUARDED_AVAILABILITY = YES_AGGRESSIVE;
				CLANG_WARN_UNREACHABLE_CODE = YES;
				CLANG_WARN__DUPLICATE_METHOD_MATCH = YES;
				COPY_PHASE_STRIP = NO;
				DEBUG_INFORMATION_FORMAT = "dwarf-with-dsym";
				ENABLE_NS_ASSERTIONS = NO;
				ENABLE_STRICT_OBJC_MSGSEND = YES;
				GCC_C_LANGUAGE_STANDARD = gnu11;
				GCC_NO_COMMON_BLOCKS = YES;
				GCC_WARN_64_TO_32_BIT_CONVERSION = YES;
				GCC_WARN_ABOUT_RETURN_TYPE = YES_ERROR;
				GCC_WARN_UNDECLARED_SELECTOR = YES;
				GCC_WARN_UNINITIALIZED_AUTOS = YES_AGGRESSIVE;
				GCC_WARN_UNUSED_FUNCTION = YES;
				GCC_WARN_UNUSED_VARIABLE = YES;
				IPHONEOS_DEPLOYMENT_TARGET = 15.5;
				MTL_ENABLE_DEBUG_INFO = NO;
				MTL_FAST_MATH = YES;
				SDKROOT = iphoneos;
				SWIFT_COMPILATION_MODE = wholemodule;
				SWIFT_OPTIMIZATION_LEVEL = "-O";
				VALIDATE_PRODUCT = YES;
			};
			name = Release;
		};
		273EA2D7294CADA80013CFDF /* Debug */ = {
			isa = XCBuildConfiguration;
			buildSettings = {
				ASSETCATALOG_COMPILER_APPICON_NAME = AppIcon;
				ASSETCATALOG_COMPILER_GLOBAL_ACCENT_COLOR_NAME = AccentColor;
				CODE_SIGN_STYLE = Automatic;
				CURRENT_PROJECT_VERSION = 1;
				DEVELOPMENT_TEAM = 2V5XRSDP4C;
				GENERATE_INFOPLIST_FILE = YES;
				INFOPLIST_FILE = Thirdwayv/Info.plist;
				INFOPLIST_KEY_UIApplicationSupportsIndirectInputEvents = YES;
				INFOPLIST_KEY_UILaunchStoryboardName = LaunchScreen;
				INFOPLIST_KEY_UIMainStoryboardFile = Main;
				INFOPLIST_KEY_UISupportedInterfaceOrientations_iPad = "UIInterfaceOrientationPortrait UIInterfaceOrientationPortraitUpsideDown UIInterfaceOrientationLandscapeLeft UIInterfaceOrientationLandscapeRight";
				INFOPLIST_KEY_UISupportedInterfaceOrientations_iPhone = "UIInterfaceOrientationPortrait UIInterfaceOrientationLandscapeLeft UIInterfaceOrientationLandscapeRight";
				LD_RUNPATH_SEARCH_PATHS = (
					"$(inherited)",
					"@executable_path/Frameworks",
				);
				MARKETING_VERSION = 1.0;
				PRODUCT_BUNDLE_IDENTIFIER = com.amin.Thirdwayv;
				PRODUCT_NAME = "$(TARGET_NAME)";
				SWIFT_EMIT_LOC_STRINGS = YES;
				SWIFT_VERSION = 5.0;
				TARGETED_DEVICE_FAMILY = "1,2";
			};
			name = Debug;
		};
		273EA2D8294CADA80013CFDF /* Release */ = {
			isa = XCBuildConfiguration;
			buildSettings = {
				ASSETCATALOG_COMPILER_APPICON_NAME = AppIcon;
				ASSETCATALOG_COMPILER_GLOBAL_ACCENT_COLOR_NAME = AccentColor;
				CODE_SIGN_STYLE = Automatic;
				CURRENT_PROJECT_VERSION = 1;
				DEVELOPMENT_TEAM = 2V5XRSDP4C;
				GENERATE_INFOPLIST_FILE = YES;
				INFOPLIST_FILE = Thirdwayv/Info.plist;
				INFOPLIST_KEY_UIApplicationSupportsIndirectInputEvents = YES;
				INFOPLIST_KEY_UILaunchStoryboardName = LaunchScreen;
				INFOPLIST_KEY_UIMainStoryboardFile = Main;
				INFOPLIST_KEY_UISupportedInterfaceOrientations_iPad = "UIInterfaceOrientationPortrait UIInterfaceOrientationPortraitUpsideDown UIInterfaceOrientationLandscapeLeft UIInterfaceOrientationLandscapeRight";
				INFOPLIST_KEY_UISupportedInterfaceOrientations_iPhone = "UIInterfaceOrientationPortrait UIInterfaceOrientationLandscapeLeft UIInterfaceOrientationLandscapeRight";
				LD_RUNPATH_SEARCH_PATHS = (
					"$(inherited)",
					"@executable_path/Frameworks",
				);
				MARKETING_VERSION = 1.0;
				PRODUCT_BUNDLE_IDENTIFIER = com.amin.Thirdwayv;
				PRODUCT_NAME = "$(TARGET_NAME)";
				SWIFT_EMIT_LOC_STRINGS = YES;
				SWIFT_VERSION = 5.0;
				TARGETED_DEVICE_FAMILY = "1,2";
			};
			name = Release;
		};
/* End XCBuildConfiguration section */

/* Begin XCConfigurationList section */
		273EA2BA294CADA60013CFDF /* Build configuration list for PBXProject "Thirdwayv" */ = {
			isa = XCConfigurationList;
			buildConfigurations = (
				273EA2D4294CADA80013CFDF /* Debug */,
				273EA2D5294CADA80013CFDF /* Release */,
			);
			defaultConfigurationIsVisible = 0;
			defaultConfigurationName = Release;
		};
		273EA2D6294CADA80013CFDF /* Build configuration list for PBXNativeTarget "Thirdwayv" */ = {
			isa = XCConfigurationList;
			buildConfigurations = (
				273EA2D7294CADA80013CFDF /* Debug */,
				273EA2D8294CADA80013CFDF /* Release */,
			);
			defaultConfigurationIsVisible = 0;
			defaultConfigurationName = Release;
		};
/* End XCConfigurationList section */

/* Begin XCVersionGroup section */
		273EA2CB294CADA60013CFDF /* Thirdwayv.xcdatamodeld */ = {
			isa = XCVersionGroup;
			children = (
				273EA2CC294CADA60013CFDF /* Thirdwayv.xcdatamodel */,
			);
			currentVersion = 273EA2CC294CADA60013CFDF /* Thirdwayv.xcdatamodel */;
			path = Thirdwayv.xcdatamodeld;
			sourceTree = "<group>";
			versionGroupType = wrapper.xcdatamodel;
		};
/* End XCVersionGroup section */
	};
	rootObject = 273EA2B7294CADA60013CFDF /* Project object */;
}
